{
    "name": "dotcms-js",
    "version": "0.0.1",
    "lockfileVersion": 1,
    "requires": true,
    "dependencies": {
        "dotcms-models": {
            "version": "0.0.12",
            "resolved": "https://registry.npmjs.org/dotcms-models/-/dotcms-models-0.0.12.tgz",
            "integrity": "sha512-KMOW7qUp0nbW6f7MwzOgu00qB2uBYxzb0Nnlmri8BAwTGfOBb1nBjkPLDaHo8AMA9PNKVMxlQMILRaMaU7WbcQ==",
            "requires": {
                "tslib": "^2.0.0"
            }
        },
        "tslib": {
            "version": "2.1.0",
            "resolved": "https://registry.npmjs.org/tslib/-/tslib-2.1.0.tgz",
            "integrity": "sha512-hcVC3wYEziELGGmEEXue7D75zbwIIVUMWAVbHItGPx0ziyXxrOMQx4rQEVEV45Ut/1IotuEvwqPopzIOkDMf0A=="
        }
    }
}
